<?xml version="1.0" encoding="UTF-8" standalone="yes" ?>
<CodeBlocks_project_file>
	<FileVersion major="1" minor="6" />
	<Project>
		<Option title="dxl" />
		<Option pch_mode="2" />
		<Option compiler="gcc" />
		<Build>
			<Target title="Debug">
				<Option output="Debug/libdxl_debug.so" prefix_auto="0" extension_auto="0" />
				<Option object_output="obj/Debug" />
				<Option type="3" />
				<Option compiler="gcc" />
				<Option createStaticLib="1" />
				<Compiler>
					<Add option="-g" />
					<Add option="-fPIC" />
					<Add option="-D_DEBUG" />
					<Add directory="../include" />
				</Compiler>
				<Linker>
					<Add option="-shared" />
					<Add library="dl" />
				</Linker>
				<ExtraCommands>
					<Add after="cp Debug/libdxl_debug.so ../lib/libdxl_debug.so" />
				</ExtraCommands>
			</Target>
			<Target title="Release">
				<Option output="Release/libdxl.so" prefix_auto="0" extension_auto="0" />
				<Option object_output="obj/Release" />
				<Option type="3" />
				<Option compiler="gcc" />
				<Option createStaticLib="1" />
				<Compiler>
					<Add option="-O2" />
					<Add option="-fPIC" />
					<Add option="-DNDEBUG" />
					<Add directory="../include" />
				</Compiler>
				<Linker>
					<Add option="-s" />
					<Add option="-shared" />
					<Add library="dl" />
				</Linker>
				<ExtraCommands>
					<Add after="cp Release/libdxl.so ../lib/libdxl.so" />
				</ExtraCommands>
			</Target>
		</Build>
		<Unit filename="dxl_hal.cpp" />
		<Unit filename="dxl_hal.h" />
		<Unit filename="dynamixel.cpp" />
		<Unit filename="gpio.cpp" />
		<Unit filename="gpio.h" />
		<Extensions>
			<code_completion />
			<envvars />
			<debugger />
		</Extensions>
	</Project>
</CodeBlocks_project_file>
